lockfileVersion: 5.4

specifiers:
  '@frontend/types': workspace:^0.1.0
  '@frontend/ui': workspace:^0.1.0
  next: 13.4.11
  react-hook-form: ^7.45.2

dependencies:
  '@frontend/types': link:../../packages/types
  '@frontend/ui': link:../../packages/ui
  next: 13.4.11
  react-hook-form: 7.45.2

packages:
  /@next/env/13.4.11:
    resolution:
      {
        integrity: sha512-BbPLOkfFFca+OpwSmGhNrl56B3ZzOFS4eJ85SpGTDpjlXoz7XFfS3MMOfjUCTuW1laTrQjm98I9Q30tsYpr8ew==
      }
    dev: false

  /@next/swc-darwin-arm64/13.4.11:
    resolution:
      {
        integrity: sha512-lc3vl7Wo5A6dnLoJKlURHx2Y8wvHPQBy2JmJ88r+xbATYSyy3U+1B0M0ycrtleIP3lmachoeai9V/8ITt+/AQQ==
      }
    engines: { node: '>= 10' }
    cpu: [arm64]
    os: [darwin]
    requiresBuild: true
    dev: false
    optional: true

  /@next/swc-darwin-x64/13.4.11:
    resolution:
      {
        integrity: sha512-0bSZrEcKSOywSeCJbqwE9B7nHd5CVB+J6vIjCKb0IUWzmireMn6OLu1fsZbNKNetpuVq2Fdk2dmUpYIXuSfGTg==
      }
    engines: { node: '>= 10' }
    cpu: [x64]
    os: [darwin]
    requiresBuild: true
    dev: false
    optional: true

  /@next/swc-linux-arm64-gnu/13.4.11:
    resolution:
      {
        integrity: sha512-BrSo2dYhbYSJksmzdj6uR+hz0ZNgVdWKeyVFou+SSHHm1JoviAOPv9QPBliK1LMoBVk5TA2FlTMS5zzYfm2mUw==
      }
    engines: { node: '>= 10' }
    cpu: [arm64]
    os: [linux]
    requiresBuild: true
    dev: false
    optional: true

  /@next/swc-linux-arm64-musl/13.4.11:
    resolution:
      {
        integrity: sha512-AWACRlOtmCO+KaRaPtltYdoRPHhXf1ywhc6vRxT0UnJvrFpbzDpncKHCadPWYlrOyT37bT1+9ye8tHxBjlNiuA==
      }
    engines: { node: '>= 10' }
    cpu: [arm64]
    os: [linux]
    requiresBuild: true
    dev: false
    optional: true

  /@next/swc-linux-x64-gnu/13.4.11:
    resolution:
      {
        integrity: sha512-JEC0lkHKSLeW82YeSeTO4GjcQ1996paE2+daFWFPJ6V1m0zJ/6FWGZEIivGdsZTUGy34pFFoYlo9QhDEeRZWHw==
      }
    engines: { node: '>= 10' }
    cpu: [x64]
    os: [linux]
    requiresBuild: true
    dev: false
    optional: true

  /@next/swc-linux-x64-musl/13.4.11:
    resolution:
      {
        integrity: sha512-gBTXltxQf+2vGx7c5eBMYhh/TJ1IPTOWi75XhfdLhXP3CljupRZJiFzwTKYXk/XAEc3Vd/FL8DYJN5THog1t2Q==
      }
    engines: { node: '>= 10' }
    cpu: [x64]
    os: [linux]
    requiresBuild: true
    dev: false
    optional: true

  /@next/swc-win32-arm64-msvc/13.4.11:
    resolution:
      {
        integrity: sha512-SlOMH+Ewh71/PQGM9hSoHoINNo0RFekMIJ/95JcLIRGLZLFj5jEFb44WT8ISmBFtkdZu7eSeIcnD615sCwwctw==
      }
    engines: { node: '>= 10' }
    cpu: [arm64]
    os: [win32]
    requiresBuild: true
    dev: false
    optional: true

  /@next/swc-win32-ia32-msvc/13.4.11:
    resolution:
      {
        integrity: sha512-W0dipacpgzmqcJlqCwmMLEHg4nxGa6wUxS8tsABEcFDF/+UQA5p34H5rGsn+SoeGNmhK0Nsr+cDtVbEviDEf6w==
      }
    engines: { node: '>= 10' }
    cpu: [ia32]
    os: [win32]
    requiresBuild: true
    dev: false
    optional: true

  /@next/swc-win32-x64-msvc/13.4.11:
    resolution:
      {
        integrity: sha512-thNeqt0QtsvaNkRK+Ge31REyriGMJC3HlVwvC9z6b82+Q7Coz5Q/UvIX3HmKPr00UleSRCM4QPxH+YT6wrjOqw==
      }
    engines: { node: '>= 10' }
    cpu: [x64]
    os: [win32]
    requiresBuild: true
    dev: false
    optional: true

  /@swc/helpers/0.5.1:
    resolution:
      {
        integrity: sha512-sJ902EfIzn1Fa+qYmjdQqh8tPsoxyBz+8yBKC2HKUxyezKJFwPGOn7pv4WY6QuQW//ySQi5lJjA/ZT9sNWWNTg==
      }
    dependencies:
      tslib: 2.6.0
    dev: false

  /busboy/1.6.0:
    resolution:
      {
        integrity: sha512-8SFQbg/0hQ9xy3UNTB0YEnsNBbWfhf7RtnzpL7TkBiTBRfrQ9Fxcnz7VJsleJpyp6rVLvXiuORqjlHi5q+PYuA==
      }
    engines: { node: '>=10.16.0' }
    dependencies:
      streamsearch: 1.1.0
    dev: false

  /caniuse-lite/1.0.30001517:
    resolution:
      {
        integrity: sha512-Vdhm5S11DaFVLlyiKu4hiUTkpZu+y1KA/rZZqVQfOD5YdDT/eQKlkt7NaE0WGOFgX32diqt9MiP9CAiFeRklaA==
      }
    dev: false

  /client-only/0.0.1:
    resolution:
      {
        integrity: sha512-IV3Ou0jSMzZrd3pZ48nLkT9DA7Ag1pnPzaiQhpW7c3RbcqqzvzzVu+L8gfqMp/8IM2MQtSiqaCxrrcfu8I8rMA==
      }
    dev: false

  /glob-to-regexp/0.4.1:
    resolution:
      {
        integrity: sha512-lkX1HJXwyMcprw/5YUZc2s7DrpAiHB21/V+E1rHUrVNokkvB6bqMzT0VfV6/86ZNabt1k14YOIaT7nDvOX3Iiw==
      }
    dev: false

  /graceful-fs/4.2.11:
    resolution:
      {
        integrity: sha512-RbJ5/jmFcNNCcDV5o9eTnBLJ/HszWV0P73bc+Ff4nS/rJj+YaS6IGyiOL0VoBYX+l1Wrl3k63h/KrH+nhJ0XvQ==
      }
    dev: false

  /nanoid/3.3.6:
    resolution:
      {
        integrity: sha512-BGcqMMJuToF7i1rt+2PWSNVnWIkGCU78jBG3RxO/bZlnZPK2Cmi2QaffxGO/2RvWi9sL+FAiRiXMgsyxQ1DIDA==
      }
    engines: { node: ^10 || ^12 || ^13.7 || ^14 || >=15.0.1 }
    hasBin: true
    dev: false

  /next/13.4.11:
    resolution:
      {
        integrity: sha512-XlJClNF3OPCv99At3BA7TflcF5q2zJAuTcyE4l6f5LWN3Uh8FF4e8PhZfaBk0PKmsKL7yOMGele/UUzbLvLbzw==
      }
    engines: { node: '>=16.8.0' }
    hasBin: true
    peerDependencies:
      '@opentelemetry/api': ^1.1.0
      fibers: '>= 3.1.0'
      react: ^18.2.0
      react-dom: ^18.2.0
      sass: ^1.3.0
    peerDependenciesMeta:
      '@opentelemetry/api':
        optional: true
      fibers:
        optional: true
      sass:
        optional: true
    dependencies:
      '@next/env': 13.4.11
      '@swc/helpers': 0.5.1
      busboy: 1.6.0
      caniuse-lite: 1.0.30001517
      postcss: 8.4.14
      styled-jsx: 5.1.1
      watchpack: 2.4.0
      zod: 3.21.4
    optionalDependencies:
      '@next/swc-darwin-arm64': 13.4.11
      '@next/swc-darwin-x64': 13.4.11
      '@next/swc-linux-arm64-gnu': 13.4.11
      '@next/swc-linux-arm64-musl': 13.4.11
      '@next/swc-linux-x64-gnu': 13.4.11
      '@next/swc-linux-x64-musl': 13.4.11
      '@next/swc-win32-arm64-msvc': 13.4.11
      '@next/swc-win32-ia32-msvc': 13.4.11
      '@next/swc-win32-x64-msvc': 13.4.11
    transitivePeerDependencies:
      - '@babel/core'
      - babel-plugin-macros
    dev: false

  /picocolors/1.0.0:
    resolution:
      {
        integrity: sha512-1fygroTLlHu66zi26VoTDv8yRgm0Fccecssto+MhsZ0D/DGW2sm8E8AjW7NU5VVTRt5GxbeZ5qBuJr+HyLYkjQ==
      }
    dev: false

  /postcss/8.4.14:
    resolution:
      {
        integrity: sha512-E398TUmfAYFPBSdzgeieK2Y1+1cpdxJx8yXbK/m57nRhKSmk1GB2tO4lbLBtlkfPQTDKfe4Xqv1ASWPpayPEig==
      }
    engines: { node: ^10 || ^12 || >=14 }
    dependencies:
      nanoid: 3.3.6
      picocolors: 1.0.0
      source-map-js: 1.0.2
    dev: false

  /react-hook-form/7.45.2:
    resolution:
      {
        integrity: sha512-9s45OdTaKN+4NSTbXVqeDITd/nwIg++nxJGL8+OD5uf1DxvhsXQ641kaYHk5K28cpIOTYm71O/fYk7rFaygb3A==
      }
    engines: { node: '>=12.22.0' }
    peerDependencies:
      react: ^16.8.0 || ^17 || ^18
    dev: false

  /source-map-js/1.0.2:
    resolution:
      {
        integrity: sha512-R0XvVJ9WusLiqTCEiGCmICCMplcCkIwwR11mOSD9CR5u+IXYdiseeEuXCVAjS54zqwkLcPNnmU4OeJ6tUrWhDw==
      }
    engines: { node: '>=0.10.0' }
    dev: false

  /streamsearch/1.1.0:
    resolution:
      {
        integrity: sha512-Mcc5wHehp9aXz1ax6bZUyY5afg9u2rv5cqQI3mRrYkGC8rW2hM02jWuwjtL++LS5qinSyhj2QfLyNsuc+VsExg==
      }
    engines: { node: '>=10.0.0' }
    dev: false

  /styled-jsx/5.1.1:
    resolution:
      {
        integrity: sha512-pW7uC1l4mBZ8ugbiZrcIsiIvVx1UmTfw7UkC3Um2tmfUq9Bhk8IiyEIPl6F8agHgjzku6j0xQEZbfA5uSgSaCw==
      }
    engines: { node: '>= 12.0.0' }
    peerDependencies:
      '@babel/core': '*'
      babel-plugin-macros: '*'
      react: '>= 16.8.0 || 17.x.x || ^18.0.0-0'
    peerDependenciesMeta:
      '@babel/core':
        optional: true
      babel-plugin-macros:
        optional: true
    dependencies:
      client-only: 0.0.1
    dev: false

  /tslib/2.6.0:
    resolution:
      {
        integrity: sha512-7At1WUettjcSRHXCyYtTselblcHl9PJFFVKiCAy/bY97+BPZXSQ2wbq0P9s8tK2G7dFQfNnlJnPAiArVBVBsfA==
      }
    dev: false

  /watchpack/2.4.0:
    resolution:
      {
        integrity: sha512-Lcvm7MGST/4fup+ifyKi2hjyIAwcdI4HRgtvTpIUxBRhB+RFtUh8XtDOxUfctVCnhVi+QQj49i91OyvzkJl6cg==
      }
    engines: { node: '>=10.13.0' }
    dependencies:
      glob-to-regexp: 0.4.1
      graceful-fs: 4.2.11
    dev: false

  /zod/3.21.4:
    resolution:
      {
        integrity: sha512-m46AKbrzKVzOzs/DZgVnG5H55N1sv1M8qZU3A8RIKbs3mrACDNeIOeilDymVb2HdmP8uwshOCF4uJ8uM9rCqJw==
      }
    dev: false
